
Microsoft Visual Studio Solution File, Format Version 12.00
# Visual Studio Version 17
VisualStudioVersion = 17.4.33205.214
MinimumVisualStudioVersion = 10.0.40219.1
Project("{8BC9CEB8-8B4A-11D0-8D11-00A0C91BC942}") = "r4", "r4\r4.vcxproj", "{90344592-5BE0-43E3-BD74-46E969441F7E}"
EndProject
Project("{8BC9CEB8-8B4A-11D0-8D11-00A0C91BC942}") = "unit_tests", "unit_tests\unit_tests.vcxproj", "{E5E4AC7F-E764-4140-8A0B-8CE45BEF74AD}"
EndProject
Global
	GlobalSection(SolutionConfigurationPlatforms) = preSolution
		Debug|x64 = Debug|x64
		Debug|x86 = Debug|x86
		Release|x64 = Release|x64
		Release|x86 = Release|x86
		v140_Debug|x64 = v140_Debug|x64
		v140_Debug|x86 = v140_Debug|x86
		v140_Release|x64 = v140_Release|x64
		v140_Release|x86 = v140_Release|x86
		v141_Debug|x64 = v141_Debug|x64
		v141_Debug|x86 = v141_Debug|x86
		v141_Release|x64 = v141_Release|x64
		v141_Release|x86 = v141_Release|x86
		v142_Debug_MD|x64 = v142_Debug_MD|x64
		v142_Debug_MD|x86 = v142_Debug_MD|x86
		v142_Debug_MT|x64 = v142_Debug_MT|x64
		v142_Debug_MT|x86 = v142_Debug_MT|x86
		v142_Release_MD|x64 = v142_Release_MD|x64
		v142_Release_MD|x86 = v142_Release_MD|x86
		v142_Release_MT|x64 = v142_Release_MT|x64
		v142_Release_MT|x86 = v142_Release_MT|x86
		v143_Debug_MD|x64 = v143_Debug_MD|x64
		v143_Debug_MD|x86 = v143_Debug_MD|x86
		v143_Debug_MT|x64 = v143_Debug_MT|x64
		v143_Debug_MT|x86 = v143_Debug_MT|x86
		v143_Release_MD|x64 = v143_Release_MD|x64
		v143_Release_MD|x86 = v143_Release_MD|x86
		v143_Release_MT|x64 = v143_Release_MT|x64
		v143_Release_MT|x86 = v143_Release_MT|x86
	EndGlobalSection
	GlobalSection(ProjectConfigurationPlatforms) = postSolution
		{90344592-5BE0-43E3-BD74-46E969441F7E}.Debug|x64.ActiveCfg = v142_Debug_MT|x64
		{90344592-5BE0-43E3-BD74-46E969441F7E}.Debug|x64.Build.0 = v142_Debug_MT|x64
		{90344592-5BE0-43E3-BD74-46E969441F7E}.Debug|x86.ActiveCfg = v142_Debug_MT|Win32
		{90344592-5BE0-43E3-BD74-46E969441F7E}.Debug|x86.Build.0 = v142_Debug_MT|Win32
		{90344592-5BE0-43E3-BD74-46E969441F7E}.Release|x64.ActiveCfg = v142_Release_MT|x64
		{90344592-5BE0-43E3-BD74-46E969441F7E}.Release|x64.Build.0 = v142_Release_MT|x64
		{90344592-5BE0-43E3-BD74-46E969441F7E}.Release|x86.ActiveCfg = v142_Release_MT|Win32
		{90344592-5BE0-43E3-BD74-46E969441F7E}.Release|x86.Build.0 = v142_Release_MT|Win32
		{90344592-5BE0-43E3-BD74-46E969441F7E}.v140_Debug|x64.ActiveCfg = v140_Debug|x64
		{90344592-5BE0-43E3-BD74-46E969441F7E}.v140_Debug|x64.Build.0 = v140_Debug|x64
		{90344592-5BE0-43E3-BD74-46E969441F7E}.v140_Debug|x86.ActiveCfg = v140_Debug|Win32
		{90344592-5BE0-43E3-BD74-46E969441F7E}.v140_Debug|x86.Build.0 = v140_Debug|Win32
		{90344592-5BE0-43E3-BD74-46E969441F7E}.v140_Release|x64.ActiveCfg = v140_Release|x64
		{90344592-5BE0-43E3-BD74-46E969441F7E}.v140_Release|x64.Build.0 = v140_Release|x64
		{90344592-5BE0-43E3-BD74-46E969441F7E}.v140_Release|x86.ActiveCfg = v140_Release|Win32
		{90344592-5BE0-43E3-BD74-46E969441F7E}.v140_Release|x86.Build.0 = v140_Release|Win32
		{90344592-5BE0-43E3-BD74-46E969441F7E}.v141_Debug|x64.ActiveCfg = v141_Debug|x64
		{90344592-5BE0-43E3-BD74-46E969441F7E}.v141_Debug|x64.Build.0 = v141_Debug|x64
		{90344592-5BE0-43E3-BD74-46E969441F7E}.v141_Debug|x86.ActiveCfg = v141_Debug|Win32
		{90344592-5BE0-43E3-BD74-46E969441F7E}.v141_Debug|x86.Build.0 = v141_Debug|Win32
		{90344592-5BE0-43E3-BD74-46E969441F7E}.v141_Release|x64.ActiveCfg = v141_Release|x64
		{90344592-5BE0-43E3-BD74-46E969441F7E}.v141_Release|x64.Build.0 = v141_Release|x64
		{90344592-5BE0-43E3-BD74-46E969441F7E}.v141_Release|x86.ActiveCfg = v141_Release|Win32
		{90344592-5BE0-43E3-BD74-46E969441F7E}.v141_Release|x86.Build.0 = v141_Release|Win32
		{90344592-5BE0-43E3-BD74-46E969441F7E}.v142_Debug_MD|x64.ActiveCfg = v142_Debug_MD|x64
		{90344592-5BE0-43E3-BD74-46E969441F7E}.v142_Debug_MD|x64.Build.0 = v142_Debug_MD|x64
		{90344592-5BE0-43E3-BD74-46E969441F7E}.v142_Debug_MD|x86.ActiveCfg = v142_Debug_MD|Win32
		{90344592-5BE0-43E3-BD74-46E969441F7E}.v142_Debug_MD|x86.Build.0 = v142_Debug_MD|Win32
		{90344592-5BE0-43E3-BD74-46E969441F7E}.v142_Debug_MT|x64.ActiveCfg = v142_Debug_MT|x64
		{90344592-5BE0-43E3-BD74-46E969441F7E}.v142_Debug_MT|x64.Build.0 = v142_Debug_MT|x64
		{90344592-5BE0-43E3-BD74-46E969441F7E}.v142_Debug_MT|x86.ActiveCfg = v142_Debug_MT|Win32
		{90344592-5BE0-43E3-BD74-46E969441F7E}.v142_Debug_MT|x86.Build.0 = v142_Debug_MT|Win32
		{90344592-5BE0-43E3-BD74-46E969441F7E}.v142_Release_MD|x64.ActiveCfg = v142_Release_MD|x64
		{90344592-5BE0-43E3-BD74-46E969441F7E}.v142_Release_MD|x64.Build.0 = v142_Release_MD|x64
		{90344592-5BE0-43E3-BD74-46E969441F7E}.v142_Release_MD|x86.ActiveCfg = v142_Release_MD|Win32
		{90344592-5BE0-43E3-BD74-46E969441F7E}.v142_Release_MD|x86.Build.0 = v142_Release_MD|Win32
		{90344592-5BE0-43E3-BD74-46E969441F7E}.v142_Release_MT|x64.ActiveCfg = v142_Release_MT|x64
		{90344592-5BE0-43E3-BD74-46E969441F7E}.v142_Release_MT|x64.Build.0 = v142_Release_MT|x64
		{90344592-5BE0-43E3-BD74-46E969441F7E}.v142_Release_MT|x86.ActiveCfg = v142_Release_MT|Win32
		{90344592-5BE0-43E3-BD74-46E969441F7E}.v142_Release_MT|x86.Build.0 = v142_Release_MT|Win32
		{90344592-5BE0-43E3-BD74-46E969441F7E}.v143_Debug_MD|x64.ActiveCfg = v143_Debug_MD|x64
		{90344592-5BE0-43E3-BD74-46E969441F7E}.v143_Debug_MD|x64.Build.0 = v143_Debug_MD|x64
		{90344592-5BE0-43E3-BD74-46E969441F7E}.v143_Debug_MD|x86.ActiveCfg = v143_Debug_MD|Win32
		{90344592-5BE0-43E3-BD74-46E969441F7E}.v143_Debug_MD|x86.Build.0 = v143_Debug_MD|Win32
		{90344592-5BE0-43E3-BD74-46E969441F7E}.v143_Debug_MT|x64.ActiveCfg = v143_Debug_MT|x64
		{90344592-5BE0-43E3-BD74-46E969441F7E}.v143_Debug_MT|x64.Build.0 = v143_Debug_MT|x64
		{90344592-5BE0-43E3-BD74-46E969441F7E}.v143_Debug_MT|x86.ActiveCfg = v143_Debug_MT|Win32
		{90344592-5BE0-43E3-BD74-46E969441F7E}.v143_Debug_MT|x86.Build.0 = v143_Debug_MT|Win32
		{90344592-5BE0-43E3-BD74-46E969441F7E}.v143_Release_MD|x64.ActiveCfg = v143_Release_MD|x64
		{90344592-5BE0-43E3-BD74-46E969441F7E}.v143_Release_MD|x64.Build.0 = v143_Release_MD|x64
		{90344592-5BE0-43E3-BD74-46E969441F7E}.v143_Release_MD|x86.ActiveCfg = v143_Release_MD|Win32
		{90344592-5BE0-43E3-BD74-46E969441F7E}.v143_Release_MD|x86.Build.0 = v143_Release_MD|Win32
		{90344592-5BE0-43E3-BD74-46E969441F7E}.v143_Release_MT|x64.ActiveCfg = v143_Release_MT|x64
		{90344592-5BE0-43E3-BD74-46E969441F7E}.v143_Release_MT|x64.Build.0 = v143_Release_MT|x64
		{90344592-5BE0-43E3-BD74-46E969441F7E}.v143_Release_MT|x86.ActiveCfg = v143_Release_MT|Win32
		{90344592-5BE0-43E3-BD74-46E969441F7E}.v143_Release_MT|x86.Build.0 = v143_Release_MT|Win32
		{E5E4AC7F-E764-4140-8A0B-8CE45BEF74AD}.Debug|x64.ActiveCfg = v142_Debug_MD|x64
		{E5E4AC7F-E764-4140-8A0B-8CE45BEF74AD}.Debug|x64.Build.0 = v142_Debug_MD|x64
		{E5E4AC7F-E764-4140-8A0B-8CE45BEF74AD}.Debug|x86.ActiveCfg = v142_Debug_MD|Win32
		{E5E4AC7F-E764-4140-8A0B-8CE45BEF74AD}.Debug|x86.Build.0 = v142_Debug_MD|Win32
		{E5E4AC7F-E764-4140-8A0B-8CE45BEF74AD}.Release|x64.ActiveCfg = v142_Release_MD|x64
		{E5E4AC7F-E764-4140-8A0B-8CE45BEF74AD}.Release|x64.Build.0 = v142_Release_MD|x64
		{E5E4AC7F-E764-4140-8A0B-8CE45BEF74AD}.Release|x86.ActiveCfg = v142_Release_MD|Win32
		{E5E4AC7F-E764-4140-8A0B-8CE45BEF74AD}.Release|x86.Build.0 = v142_Release_MD|Win32
		{E5E4AC7F-E764-4140-8A0B-8CE45BEF74AD}.v140_Debug|x64.ActiveCfg = v142_Debug_MD|x64
		{E5E4AC7F-E764-4140-8A0B-8CE45BEF74AD}.v140_Debug|x64.Build.0 = v142_Debug_MD|x64
		{E5E4AC7F-E764-4140-8A0B-8CE45BEF74AD}.v140_Debug|x86.ActiveCfg = v142_Debug_MD|Win32
		{E5E4AC7F-E764-4140-8A0B-8CE45BEF74AD}.v140_Debug|x86.Build.0 = v142_Debug_MD|Win32
		{E5E4AC7F-E764-4140-8A0B-8CE45BEF74AD}.v140_Release|x64.ActiveCfg = v142_Release_MD|x64
		{E5E4AC7F-E764-4140-8A0B-8CE45BEF74AD}.v140_Release|x64.Build.0 = v142_Release_MD|x64
		{E5E4AC7F-E764-4140-8A0B-8CE45BEF74AD}.v140_Release|x86.ActiveCfg = v142_Release_MD|Win32
		{E5E4AC7F-E764-4140-8A0B-8CE45BEF74AD}.v140_Release|x86.Build.0 = v142_Release_MD|Win32
		{E5E4AC7F-E764-4140-8A0B-8CE45BEF74AD}.v141_Debug|x64.ActiveCfg = v141_Debug|x64
		{E5E4AC7F-E764-4140-8A0B-8CE45BEF74AD}.v141_Debug|x64.Build.0 = v141_Debug|x64
		{E5E4AC7F-E764-4140-8A0B-8CE45BEF74AD}.v141_Debug|x86.ActiveCfg = v141_Debug|Win32
		{E5E4AC7F-E764-4140-8A0B-8CE45BEF74AD}.v141_Debug|x86.Build.0 = v141_Debug|Win32
		{E5E4AC7F-E764-4140-8A0B-8CE45BEF74AD}.v141_Release|x64.ActiveCfg = v141_Release|x64
		{E5E4AC7F-E764-4140-8A0B-8CE45BEF74AD}.v141_Release|x64.Build.0 = v141_Release|x64
		{E5E4AC7F-E764-4140-8A0B-8CE45BEF74AD}.v141_Release|x86.ActiveCfg = v141_Release|Win32
		{E5E4AC7F-E764-4140-8A0B-8CE45BEF74AD}.v141_Release|x86.Build.0 = v141_Release|Win32
		{E5E4AC7F-E764-4140-8A0B-8CE45BEF74AD}.v142_Debug_MD|x64.ActiveCfg = v142_Debug_MD|x64
		{E5E4AC7F-E764-4140-8A0B-8CE45BEF74AD}.v142_Debug_MD|x64.Build.0 = v142_Debug_MD|x64
		{E5E4AC7F-E764-4140-8A0B-8CE45BEF74AD}.v142_Debug_MD|x86.ActiveCfg = v142_Debug_MD|Win32
		{E5E4AC7F-E764-4140-8A0B-8CE45BEF74AD}.v142_Debug_MD|x86.Build.0 = v142_Debug_MD|Win32
		{E5E4AC7F-E764-4140-8A0B-8CE45BEF74AD}.v142_Debug_MT|x64.ActiveCfg = v142_Debug_MT|x64
		{E5E4AC7F-E764-4140-8A0B-8CE45BEF74AD}.v142_Debug_MT|x64.Build.0 = v142_Debug_MT|x64
		{E5E4AC7F-E764-4140-8A0B-8CE45BEF74AD}.v142_Debug_MT|x86.ActiveCfg = v142_Debug_MT|Win32
		{E5E4AC7F-E764-4140-8A0B-8CE45BEF74AD}.v142_Debug_MT|x86.Build.0 = v142_Debug_MT|Win32
		{E5E4AC7F-E764-4140-8A0B-8CE45BEF74AD}.v142_Release_MD|x64.ActiveCfg = v142_Release_MD|x64
		{E5E4AC7F-E764-4140-8A0B-8CE45BEF74AD}.v142_Release_MD|x64.Build.0 = v142_Release_MD|x64
		{E5E4AC7F-E764-4140-8A0B-8CE45BEF74AD}.v142_Release_MD|x86.ActiveCfg = v142_Release_MD|Win32
		{E5E4AC7F-E764-4140-8A0B-8CE45BEF74AD}.v142_Release_MD|x86.Build.0 = v142_Release_MD|Win32
		{E5E4AC7F-E764-4140-8A0B-8CE45BEF74AD}.v142_Release_MT|x64.ActiveCfg = v142_Release_MT|x64
		{E5E4AC7F-E764-4140-8A0B-8CE45BEF74AD}.v142_Release_MT|x64.Build.0 = v142_Release_MT|x64
		{E5E4AC7F-E764-4140-8A0B-8CE45BEF74AD}.v142_Release_MT|x86.ActiveCfg = v142_Release_MT|Win32
		{E5E4AC7F-E764-4140-8A0B-8CE45BEF74AD}.v142_Release_MT|x86.Build.0 = v142_Release_MT|Win32
		{E5E4AC7F-E764-4140-8A0B-8CE45BEF74AD}.v143_Debug_MD|x64.ActiveCfg = v143_Debug_MD|x64
		{E5E4AC7F-E764-4140-8A0B-8CE45BEF74AD}.v143_Debug_MD|x64.Build.0 = v143_Debug_MD|x64
		{E5E4AC7F-E764-4140-8A0B-8CE45BEF74AD}.v143_Debug_MD|x86.ActiveCfg = v143_Debug_MD|Win32
		{E5E4AC7F-E764-4140-8A0B-8CE45BEF74AD}.v143_Debug_MD|x86.Build.0 = v143_Debug_MD|Win32
		{E5E4AC7F-E764-4140-8A0B-8CE45BEF74AD}.v143_Debug_MT|x64.ActiveCfg = v143_Debug_MT|x64
		{E5E4AC7F-E764-4140-8A0B-8CE45BEF74AD}.v143_Debug_MT|x64.Build.0 = v143_Debug_MT|x64
		{E5E4AC7F-E764-4140-8A0B-8CE45BEF74AD}.v143_Debug_MT|x86.ActiveCfg = v143_Debug_MT|Win32
		{E5E4AC7F-E764-4140-8A0B-8CE45BEF74AD}.v143_Debug_MT|x86.Build.0 = v143_Debug_MT|Win32
		{E5E4AC7F-E764-4140-8A0B-8CE45BEF74AD}.v143_Release_MD|x64.ActiveCfg = v143_Release_MD|x64
		{E5E4AC7F-E764-4140-8A0B-8CE45BEF74AD}.v143_Release_MD|x64.Build.0 = v143_Release_MD|x64
		{E5E4AC7F-E764-4140-8A0B-8CE45BEF74AD}.v143_Release_MD|x86.ActiveCfg = v143_Release_MD|Win32
		{E5E4AC7F-E764-4140-8A0B-8CE45BEF74AD}.v143_Release_MD|x86.Build.0 = v143_Release_MD|Win32
		{E5E4AC7F-E764-4140-8A0B-8CE45BEF74AD}.v143_Release_MT|x64.ActiveCfg = v143_Release_MT|x64
		{E5E4AC7F-E764-4140-8A0B-8CE45BEF74AD}.v143_Release_MT|x64.Build.0 = v143_Release_MT|x64
		{E5E4AC7F-E764-4140-8A0B-8CE45BEF74AD}.v143_Release_MT|x86.ActiveCfg = v143_Release_MT|Win32
		{E5E4AC7F-E764-4140-8A0B-8CE45BEF74AD}.v143_Release_MT|x86.Build.0 = v143_Release_MT|Win32
	EndGlobalSection
	GlobalSection(SolutionProperties) = preSolution
		HideSolutionNode = FALSE
	EndGlobalSection
	GlobalSection(ExtensibilityGlobals) = postSolution
		SolutionGuid = {2EAEE4FB-9688-41BA-95E5-C0C961C76728}
	EndGlobalSection
EndGlobal
